
Microsoft Visual Studio Solution File, Format Version 12.00
# Visual Studio Version 17
VisualStudioVersion = 17.2.32630.192
MinimumVisualStudioVersion = 10.0.40219.1
Project("{FAE04EC0-301F-11D3-BF4B-00C04F79EFBC}") = "Solid.API", "Solid.API\Solid.API.csproj", "{1667BE5C-B7F8-4647-9C71-23213A7F5878}"
EndProject
Project("{FAE04EC0-301F-11D3-BF4B-00C04F79EFBC}") = "Solid.Core", "Solid.Core\Solid.Core.csproj", "{93DB7A3F-5537-4F9B-BD8D-7F975C4F8122}"
EndProject
Project("{FAE04EC0-301F-11D3-BF4B-00C04F79EFBC}") = "Solid.Service", "Solid.Service\Solid.Service.csproj", "{595C46A8-0800-40AF-A693-5A2630292E2A}"
EndProject
Project("{FAE04EC0-301F-11D3-BF4B-00C04F79EFBC}") = "Solid.Data", "Solid.Data\Solid.Data.csproj", "{840AF79D-BCBB-42BE-905C-571F1ADB2660}"
EndProject
Global
	GlobalSection(SolutionConfigurationPlatforms) = preSolution
		Debug|Any CPU = Debug|Any CPU
		Release|Any CPU = Release|Any CPU
	EndGlobalSection
	GlobalSection(ProjectConfigurationPlatforms) = postSolution
		{1667BE5C-B7F8-4647-9C71-23213A7F5878}.Debug|Any CPU.ActiveCfg = Debug|Any CPU
		{1667BE5C-B7F8-4647-9C71-23213A7F5878}.Debug|Any CPU.Build.0 = Debug|Any CPU
		{1667BE5C-B7F8-4647-9C71-23213A7F5878}.Release|Any CPU.ActiveCfg = Release|Any CPU
		{1667BE5C-B7F8-4647-9C71-23213A7F5878}.Release|Any CPU.Build.0 = Release|Any CPU
		{93DB7A3F-5537-4F9B-BD8D-7F975C4F8122}.Debug|Any CPU.ActiveCfg = Debug|Any CPU
		{93DB7A3F-5537-4F9B-BD8D-7F975C4F8122}.Debug|Any CPU.Build.0 = Debug|Any CPU
		{93DB7A3F-5537-4F9B-BD8D-7F975C4F8122}.Release|Any CPU.ActiveCfg = Release|Any CPU
		{93DB7A3F-5537-4F9B-BD8D-7F975C4F8122}.Release|Any CPU.Build.0 = Release|Any CPU
		{595C46A8-0800-40AF-A693-5A2630292E2A}.Debug|Any CPU.ActiveCfg = Debug|Any CPU
		{595C46A8-0800-40AF-A693-5A2630292E2A}.Debug|Any CPU.Build.0 = Debug|Any CPU
		{595C46A8-0800-40AF-A693-5A2630292E2A}.Release|Any CPU.ActiveCfg = Release|Any CPU
		{595C46A8-0800-40AF-A693-5A2630292E2A}.Release|Any CPU.Build.0 = Release|Any CPU
		{840AF79D-BCBB-42BE-905C-571F1ADB2660}.Debug|Any CPU.ActiveCfg = Debug|Any CPU
		{840AF79D-BCBB-42BE-905C-571F1ADB2660}.Debug|Any CPU.Build.0 = Debug|Any CPU
		{840AF79D-BCBB-42BE-905C-571F1ADB2660}.Release|Any CPU.ActiveCfg = Release|Any CPU
		{840AF79D-BCBB-42BE-905C-571F1ADB2660}.Release|Any CPU.Build.0 = Release|Any CPU
	EndGlobalSection
	GlobalSection(SolutionProperties) = preSolution
		HideSolutionNode = FALSE
	EndGlobalSection
	GlobalSection(ExtensibilityGlobals) = postSolution
		SolutionGuid = {CB93667D-1B45-4A01-904C-01738B1A3608}
	EndGlobalSection
EndGlobal
